// !$*UTF8*$!
{
	archiveVersion = 1;
	classes = {
	};
	objectVersion = 56;
	objects = {

/* Begin PBXBuildFile section */
		6018A7132D0EBC3D00A7AB3E /* AppDelegate.swift in Sources */ = {isa = PBXBuildFile; fileRef = 6018A7122D0EBC3D00A7AB3E /* AppDelegate.swift */; };
		6018A7152D0EBC3D00A7AB3E /* SceneDelegate.swift in Sources */ = {isa = PBXBuildFile; fileRef = 6018A7142D0EBC3D00A7AB3E /* SceneDelegate.swift */; };
		6018A7172D0EBC3D00A7AB3E /* HomeViewController.swift in Sources */ = {isa = PBXBuildFile; fileRef = 6018A7162D0EBC3D00A7AB3E /* HomeViewController.swift */; };
		6018A71A2D0EBC3D00A7AB3E /* Base in Resources */ = {isa = PBXBuildFile; fileRef = 6018A7192D0EBC3D00A7AB3E /* Base */; };
		6018A71C2D0EBC3F00A7AB3E /* Assets.xcassets in Resources */ = {isa = PBXBuildFile; fileRef = 6018A71B2D0EBC3F00A7AB3E /* Assets.xcassets */; };
		6018A71F2D0EBC3F00A7AB3E /* Base in Resources */ = {isa = PBXBuildFile; fileRef = 6018A71E2D0EBC3F00A7AB3E /* Base */; };
		6018A72C2D0EBDDF00A7AB3E /* ExploreViewController.swift in Sources */ = {isa = PBXBuildFile; fileRef = 6018A72B2D0EBDDF00A7AB3E /* ExploreViewController.swift */; };
		6018A72E2D0EBDF300A7AB3E /* CameraViewController.swift in Sources */ = {isa = PBXBuildFile; fileRef = 6018A72D2D0EBDF300A7AB3E /* CameraViewController.swift */; };
		6018A7302D0EBE0700A7AB3E /* NotificationsViewController.swift in Sources */ = {isa = PBXBuildFile; fileRef = 6018A72F2D0EBE0700A7AB3E /* NotificationsViewController.swift */; };
		6018A7322D0EBE1C00A7AB3E /* ProfileViewController.swift in Sources */ = {isa = PBXBuildFile; fileRef = 6018A7312D0EBE1C00A7AB3E /* ProfileViewController.swift */; };
		6018A7372D0EBEB200A7AB3E /* LoginViewController.swift in Sources */ = {isa = PBXBuildFile; fileRef = 6018A7362D0EBEB200A7AB3E /* LoginViewController.swift */; };
		6018A7392D0EBECF00A7AB3E /* RegistrationViewController.swift in Sources */ = {isa = PBXBuildFile; fileRef = 6018A7382D0EBECF00A7AB3E /* RegistrationViewController.swift */; };
		6018A73B2D0EBF0E00A7AB3E /* PostViewController.swift in Sources */ = {isa = PBXBuildFile; fileRef = 6018A73A2D0EBF0E00A7AB3E /* PostViewController.swift */; };
		6018A73D2D0EBF3A00A7AB3E /* EditProfileViewController.swift in Sources */ = {isa = PBXBuildFile; fileRef = 6018A73C2D0EBF3A00A7AB3E /* EditProfileViewController.swift */; };
		6018A73F2D0EBF5900A7AB3E /* SettingsViewController.swift in Sources */ = {isa = PBXBuildFile; fileRef = 6018A73E2D0EBF5900A7AB3E /* SettingsViewController.swift */; };
		6018A7412D0EBF7F00A7AB3E /* ListViewController.swift in Sources */ = {isa = PBXBuildFile; fileRef = 6018A7402D0EBF7F00A7AB3E /* ListViewController.swift */; };
		6018A7432D0EBFA000A7AB3E /* SearchViewController.swift in Sources */ = {isa = PBXBuildFile; fileRef = 6018A7422D0EBFA000A7AB3E /* SearchViewController.swift */; };
		6018A7452D0EBFBD00A7AB3E /* SearchResultViewController.swift in Sources */ = {isa = PBXBuildFile; fileRef = 6018A7442D0EBFBD00A7AB3E /* SearchResultViewController.swift */; };
		6018A7472D0EC00500A7AB3E /* PostEditorViewController.swift in Sources */ = {isa = PBXBuildFile; fileRef = 6018A7462D0EC00500A7AB3E /* PostEditorViewController.swift */; };
		6018A7492D0EC02900A7AB3E /* PublishPostViewController.swift in Sources */ = {isa = PBXBuildFile; fileRef = 6018A7482D0EC02900A7AB3E /* PublishPostViewController.swift */; };
		60BAB5D22D0F0E890056BC6D /* DatabaseManager.swift in Sources */ = {isa = PBXBuildFile; fileRef = 60BAB5D12D0F0E890056BC6D /* DatabaseManager.swift */; };
		60BAB5D42D0F0FA90056BC6D /* AuthManager.swift in Sources */ = {isa = PBXBuildFile; fileRef = 60BAB5D32D0F0FA90056BC6D /* AuthManager.swift */; };
		60BAB5D62D0FFC4D0056BC6D /* StorageManager.swift in Sources */ = {isa = PBXBuildFile; fileRef = 60BAB5D52D0FFC4D0056BC6D /* StorageManager.swift */; };
		60C8F0B32D0ECD01009731EE /* GoogleService-Info.plist in Resources */ = {isa = PBXBuildFile; fileRef = 60C8F0B22D0ECD01009731EE /* GoogleService-Info.plist */; };
		77418954833290243D267D36 /* Pods_SocialGram.framework in Frameworks */ = {isa = PBXBuildFile; fileRef = F661B6742F7B54E45DE1F0A1 /* Pods_SocialGram.framework */; };
/* End PBXBuildFile section */

/* Begin PBXFileReference section */
		130417E2F728587857186AC9 /* Pods-SocialGram.release.xcconfig */ = {isa = PBXFileReference; includeInIndex = 1; lastKnownFileType = text.xcconfig; name = "Pods-SocialGram.release.xcconfig"; path = "Target Support Files/Pods-SocialGram/Pods-SocialGram.release.xcconfig"; sourceTree = "<group>"; };
		258C4993BFA1E177444C199A /* Pods-SocialGram.debug.xcconfig */ = {isa = PBXFileReference; includeInIndex = 1; lastKnownFileType = text.xcconfig; name = "Pods-SocialGram.debug.xcconfig"; path = "Target Support Files/Pods-SocialGram/Pods-SocialGram.debug.xcconfig"; sourceTree = "<group>"; };
		6018A70F2D0EBC3C00A7AB3E /* SocialGram.app */ = {isa = PBXFileReference; explicitFileType = wrapper.application; includeInIndex = 0; path = SocialGram.app; sourceTree = BUILT_PRODUCTS_DIR; };
		6018A7122D0EBC3D00A7AB3E /* AppDelegate.swift */ = {isa = PBXFileReference; lastKnownFileType = sourcecode.swift; path = AppDelegate.swift; sourceTree = "<group>"; };
		6018A7142D0EBC3D00A7AB3E /* SceneDelegate.swift */ = {isa = PBXFileReference; lastKnownFileType = sourcecode.swift; path = SceneDelegate.swift; sourceTree = "<group>"; };
		6018A7162D0EBC3D00A7AB3E /* HomeViewController.swift */ = {isa = PBXFileReference; lastKnownFileType = sourcecode.swift; path = HomeViewController.swift; sourceTree = "<group>"; };
		6018A7192D0EBC3D00A7AB3E /* Base */ = {isa = PBXFileReference; lastKnownFileType = file.storyboard; name = Base; path = Base.lproj/Main.storyboard; sourceTree = "<group>"; };
		6018A71B2D0EBC3F00A7AB3E /* Assets.xcassets */ = {isa = PBXFileReference; lastKnownFileType = folder.assetcatalog; path = Assets.xcassets; sourceTree = "<group>"; };
		6018A71E2D0EBC3F00A7AB3E /* Base */ = {isa = PBXFileReference; lastKnownFileType = file.storyboard; name = Base; path = Base.lproj/LaunchScreen.storyboard; sourceTree = "<group>"; };
		6018A7202D0EBC3F00A7AB3E /* Info.plist */ = {isa = PBXFileReference; lastKnownFileType = text.plist.xml; path = Info.plist; sourceTree = "<group>"; };
		6018A72B2D0EBDDF00A7AB3E /* ExploreViewController.swift */ = {isa = PBXFileReference; lastKnownFileType = sourcecode.swift; path = ExploreViewController.swift; sourceTree = "<group>"; };
		6018A72D2D0EBDF300A7AB3E /* CameraViewController.swift */ = {isa = PBXFileReference; lastKnownFileType = sourcecode.swift; path = CameraViewController.swift; sourceTree = "<group>"; };
		6018A72F2D0EBE0700A7AB3E /* NotificationsViewController.swift */ = {isa = PBXFileReference; lastKnownFileType = sourcecode.swift; path = NotificationsViewController.swift; sourceTree = "<group>"; };
		6018A7312D0EBE1C00A7AB3E /* ProfileViewController.swift */ = {isa = PBXFileReference; lastKnownFileType = sourcecode.swift; path = ProfileViewController.swift; sourceTree = "<group>"; };
		6018A7362D0EBEB200A7AB3E /* LoginViewController.swift */ = {isa = PBXFileReference; lastKnownFileType = sourcecode.swift; path = LoginViewController.swift; sourceTree = "<group>"; };
		6018A7382D0EBECF00A7AB3E /* RegistrationViewController.swift */ = {isa = PBXFileReference; lastKnownFileType = sourcecode.swift; path = RegistrationViewController.swift; sourceTree = "<group>"; };
		6018A73A2D0EBF0E00A7AB3E /* PostViewController.swift */ = {isa = PBXFileReference; lastKnownFileType = sourcecode.swift; path = PostViewController.swift; sourceTree = "<group>"; };
		6018A73C2D0EBF3A00A7AB3E /* EditProfileViewController.swift */ = {isa = PBXFileReference; lastKnownFileType = sourcecode.swift; path = EditProfileViewController.swift; sourceTree = "<group>"; };
		6018A73E2D0EBF5900A7AB3E /* SettingsViewController.swift */ = {isa = PBXFileReference; lastKnownFileType = sourcecode.swift; path = SettingsViewController.swift; sourceTree = "<group>"; };
		6018A7402D0EBF7F00A7AB3E /* ListViewController.swift */ = {isa = PBXFileReference; lastKnownFileType = sourcecode.swift; path = ListViewController.swift; sourceTree = "<group>"; };
		6018A7422D0EBFA000A7AB3E /* SearchViewController.swift */ = {isa = PBXFileReference; lastKnownFileType = sourcecode.swift; path = SearchViewController.swift; sourceTree = "<group>"; };
		6018A7442D0EBFBD00A7AB3E /* SearchResultViewController.swift */ = {isa = PBXFileReference; lastKnownFileType = sourcecode.swift; path = SearchResultViewController.swift; sourceTree = "<group>"; };
		6018A7462D0EC00500A7AB3E /* PostEditorViewController.swift */ = {isa = PBXFileReference; lastKnownFileType = sourcecode.swift; path = PostEditorViewController.swift; sourceTree = "<group>"; };
		6018A7482D0EC02900A7AB3E /* PublishPostViewController.swift */ = {isa = PBXFileReference; lastKnownFileType = sourcecode.swift; path = PublishPostViewController.swift; sourceTree = "<group>"; };
		60BAB5D12D0F0E890056BC6D /* DatabaseManager.swift */ = {isa = PBXFileReference; lastKnownFileType = sourcecode.swift; path = DatabaseManager.swift; sourceTree = "<group>"; };
		60BAB5D32D0F0FA90056BC6D /* AuthManager.swift */ = {isa = PBXFileReference; lastKnownFileType = sourcecode.swift; path = AuthManager.swift; sourceTree = "<group>"; };
		60BAB5D52D0FFC4D0056BC6D /* StorageManager.swift */ = {isa = PBXFileReference; lastKnownFileType = sourcecode.swift; path = StorageManager.swift; sourceTree = "<group>"; };
		60C8F0B22D0ECD01009731EE /* GoogleService-Info.plist */ = {isa = PBXFileReference; fileEncoding = 4; lastKnownFileType = text.plist.xml; path = "GoogleService-Info.plist"; sourceTree = "<group>"; };
		F661B6742F7B54E45DE1F0A1 /* Pods_SocialGram.framework */ = {isa = PBXFileReference; explicitFileType = wrapper.framework; includeInIndex = 0; path = Pods_SocialGram.framework; sourceTree = BUILT_PRODUCTS_DIR; };
/* End PBXFileReference section */

/* Begin PBXFrameworksBuildPhase section */
		6018A70C2D0EBC3C00A7AB3E /* Frameworks */ = {
			isa = PBXFrameworksBuildPhase;
			buildActionMask = 2147483647;
			files = (
				77418954833290243D267D36 /* Pods_SocialGram.framework in Frameworks */,
			);
			runOnlyForDeploymentPostprocessing = 0;
		};
/* End PBXFrameworksBuildPhase section */

/* Begin PBXGroup section */
		6018A7062D0EBC3C00A7AB3E = {
			isa = PBXGroup;
			children = (
				6018A7112D0EBC3C00A7AB3E /* SocialGram */,
				6018A7102D0EBC3C00A7AB3E /* Products */,
				B5E14C76FDBFCE8A0F6E5752 /* Pods */,
				7A5DDBC47A948FC098F5DA89 /* Frameworks */,
			);
			sourceTree = "<group>";
		};
		6018A7102D0EBC3C00A7AB3E /* Products */ = {
			isa = PBXGroup;
			children = (
				6018A70F2D0EBC3C00A7AB3E /* SocialGram.app */,
			);
			name = Products;
			sourceTree = "<group>";
		};
		6018A7112D0EBC3C00A7AB3E /* SocialGram */ = {
			isa = PBXGroup;
			children = (
				6018A7292D0EBCAC00A7AB3E /* Resources */,
				6018A7282D0EBCAA00A7AB3E /* Controllers */,
				6018A7272D0EBCA800A7AB3E /* Models */,
				6018A7262D0EBCA500A7AB3E /* Views */,
				6018A7202D0EBC3F00A7AB3E /* Info.plist */,
			);
			path = SocialGram;
			sourceTree = "<group>";
		};
		6018A7262D0EBCA500A7AB3E /* Views */ = {
			isa = PBXGroup;
			children = (
				6018A72A2D0EBD3000A7AB3E /* Storyboards */,
				6018A71B2D0EBC3F00A7AB3E /* Assets.xcassets */,
			);
			path = Views;
			sourceTree = "<group>";
		};
		6018A7272D0EBCA800A7AB3E /* Models */ = {
			isa = PBXGroup;
			children = (
			);
			path = Models;
			sourceTree = "<group>";
		};
		6018A7282D0EBCAA00A7AB3E /* Controllers */ = {
			isa = PBXGroup;
			children = (
				6018A7342D0EBE8100A7AB3E /* Other */,
				6018A7332D0EBE3D00A7AB3E /* Core Tabs */,
			);
			path = Controllers;
			sourceTree = "<group>";
		};
		6018A7292D0EBCAC00A7AB3E /* Resources */ = {
			isa = PBXGroup;
			children = (
				6018A7122D0EBC3D00A7AB3E /* AppDelegate.swift */,
				60C8F0B22D0ECD01009731EE /* GoogleService-Info.plist */,
				6018A7142D0EBC3D00A7AB3E /* SceneDelegate.swift */,
				60BAB5D12D0F0E890056BC6D /* DatabaseManager.swift */,
				60BAB5D32D0F0FA90056BC6D /* AuthManager.swift */,
				60BAB5D52D0FFC4D0056BC6D /* StorageManager.swift */,
			);
			path = Resources;
			sourceTree = "<group>";
		};
		6018A72A2D0EBD3000A7AB3E /* Storyboards */ = {
			isa = PBXGroup;
			children = (
				6018A7182D0EBC3D00A7AB3E /* Main.storyboard */,
				6018A71D2D0EBC3F00A7AB3E /* LaunchScreen.storyboard */,
			);
			path = Storyboards;
			sourceTree = "<group>";
		};
		6018A7332D0EBE3D00A7AB3E /* Core Tabs */ = {
			isa = PBXGroup;
			children = (
				6018A7162D0EBC3D00A7AB3E /* HomeViewController.swift */,
				6018A72B2D0EBDDF00A7AB3E /* ExploreViewController.swift */,
				6018A72D2D0EBDF300A7AB3E /* CameraViewController.swift */,
				6018A72F2D0EBE0700A7AB3E /* NotificationsViewController.swift */,
				6018A7312D0EBE1C00A7AB3E /* ProfileViewController.swift */,
			);
			path = "Core Tabs";
			sourceTree = "<group>";
		};
		6018A7342D0EBE8100A7AB3E /* Other */ = {
			isa = PBXGroup;
			children = (
				6018A7352D0EBE9100A7AB3E /* Onboarding */,
				60BAB5D02D0F0D590056BC6D /* General */,
			);
			path = Other;
			sourceTree = "<group>";
		};
		6018A7352D0EBE9100A7AB3E /* Onboarding */ = {
			isa = PBXGroup;
			children = (
				6018A7362D0EBEB200A7AB3E /* LoginViewController.swift */,
				6018A7382D0EBECF00A7AB3E /* RegistrationViewController.swift */,
			);
			path = Onboarding;
			sourceTree = "<group>";
		};
		60BAB5D02D0F0D590056BC6D /* General */ = {
			isa = PBXGroup;
			children = (
				6018A73A2D0EBF0E00A7AB3E /* PostViewController.swift */,
				6018A73C2D0EBF3A00A7AB3E /* EditProfileViewController.swift */,
				6018A73E2D0EBF5900A7AB3E /* SettingsViewController.swift */,
				6018A7402D0EBF7F00A7AB3E /* ListViewController.swift */,
				6018A7422D0EBFA000A7AB3E /* SearchViewController.swift */,
				6018A7442D0EBFBD00A7AB3E /* SearchResultViewController.swift */,
				6018A7462D0EC00500A7AB3E /* PostEditorViewController.swift */,
				6018A7482D0EC02900A7AB3E /* PublishPostViewController.swift */,
			);
			path = General;
			sourceTree = "<group>";
		};
		7A5DDBC47A948FC098F5DA89 /* Frameworks */ = {
			isa = PBXGroup;
			children = (
				F661B6742F7B54E45DE1F0A1 /* Pods_SocialGram.framework */,
			);
			name = Frameworks;
			sourceTree = "<group>";
		};
		B5E14C76FDBFCE8A0F6E5752 /* Pods */ = {
			isa = PBXGroup;
			children = (
				258C4993BFA1E177444C199A /* Pods-SocialGram.debug.xcconfig */,
				130417E2F728587857186AC9 /* Pods-SocialGram.release.xcconfig */,
			);
			path = Pods;
			sourceTree = "<group>";
		};
/* End PBXGroup section */

/* Begin PBXNativeTarget section */
		6018A70E2D0EBC3C00A7AB3E /* SocialGram */ = {
			isa = PBXNativeTarget;
			buildConfigurationList = 6018A7232D0EBC3F00A7AB3E /* Build configuration list for PBXNativeTarget "SocialGram" */;
			buildPhases = (
				2CF094392C8F022420F449D9 /* [CP] Check Pods Manifest.lock */,
				6018A70B2D0EBC3C00A7AB3E /* Sources */,
				6018A70C2D0EBC3C00A7AB3E /* Frameworks */,
				6018A70D2D0EBC3C00A7AB3E /* Resources */,
				10347BDBEAC235F63DF139EC /* [CP] Embed Pods Frameworks */,
			);
			buildRules = (
			);
			dependencies = (
			);
			name = SocialGram;
			productName = SocialGram;
			productReference = 6018A70F2D0EBC3C00A7AB3E /* SocialGram.app */;
			productType = "com.apple.product-type.application";
		};
/* End PBXNativeTarget section */

/* Begin PBXProject section */
		6018A7072D0EBC3C00A7AB3E /* Project object */ = {
			isa = PBXProject;
			attributes = {
				BuildIndependentTargetsInParallel = 1;
				LastSwiftUpdateCheck = 1540;
				LastUpgradeCheck = 1540;
				TargetAttributes = {
					6018A70E2D0EBC3C00A7AB3E = {
						CreatedOnToolsVersion = 15.4;
					};
				};
			};
			buildConfigurationList = 6018A70A2D0EBC3C00A7AB3E /* Build configuration list for PBXProject "SocialGram" */;
			compatibilityVersion = "Xcode 14.0";
			developmentRegion = en;
			hasScannedForEncodings = 0;
			knownRegions = (
				en,
				Base,
			);
			mainGroup = 6018A7062D0EBC3C00A7AB3E;
			productRefGroup = 6018A7102D0EBC3C00A7AB3E /* Products */;
			projectDirPath = "";
			projectRoot = "";
			targets = (
				6018A70E2D0EBC3C00A7AB3E /* SocialGram */,
			);
		};
/* End PBXProject section */

/* Begin PBXResourcesBuildPhase section */
		6018A70D2D0EBC3C00A7AB3E /* Resources */ = {
			isa = PBXResourcesBuildPhase;
			buildActionMask = 2147483647;
			files = (
				6018A71C2D0EBC3F00A7AB3E /* Assets.xcassets in Resources */,
				60C8F0B32D0ECD01009731EE /* GoogleService-Info.plist in Resources */,
				6018A71F2D0EBC3F00A7AB3E /* Base in Resources */,
				6018A71A2D0EBC3D00A7AB3E /* Base in Resources */,
			);
			runOnlyForDeploymentPostprocessing = 0;
		};
/* End PBXResourcesBuildPhase section */

/* Begin PBXShellScriptBuildPhase section */
		10347BDBEAC235F63DF139EC /* [CP] Embed Pods Frameworks */ = {
			isa = PBXShellScriptBuildPhase;
			buildActionMask = 2147483647;
			files = (
			);
			inputFileListPaths = (
				"${PODS_ROOT}/Target Support Files/Pods-SocialGram/Pods-SocialGram-frameworks-${CONFIGURATION}-input-files.xcfilelist",
			);
			name = "[CP] Embed Pods Frameworks";
			outputFileListPaths = (
				"${PODS_ROOT}/Target Support Files/Pods-SocialGram/Pods-SocialGram-frameworks-${CONFIGURATION}-output-files.xcfilelist",
			);
			runOnlyForDeploymentPostprocessing = 0;
			shellPath = /bin/sh;
			shellScript = "\"${PODS_ROOT}/Target Support Files/Pods-SocialGram/Pods-SocialGram-frameworks.sh\"\n";
			showEnvVarsInLog = 0;
		};
		2CF094392C8F022420F449D9 /* [CP] Check Pods Manifest.lock */ = {
			isa = PBXShellScriptBuildPhase;
			buildActionMask = 2147483647;
			files = (
			);
			inputFileListPaths = (
			);
			inputPaths = (
				"${PODS_PODFILE_DIR_PATH}/Podfile.lock",
				"${PODS_ROOT}/Manifest.lock",
			);
			name = "[CP] Check Pods Manifest.lock";
			outputFileListPaths = (
			);
			outputPaths = (
				"$(DERIVED_FILE_DIR)/Pods-SocialGram-checkManifestLockResult.txt",
			);
			runOnlyForDeploymentPostprocessing = 0;
			shellPath = /bin/sh;
			shellScript = "diff \"${PODS_PODFILE_DIR_PATH}/Podfile.lock\" \"${PODS_ROOT}/Manifest.lock\" > /dev/null\nif [ $? != 0 ] ; then\n    # print error to STDERR\n    echo \"error: The sandbox is not in sync with the Podfile.lock. Run 'pod install' or update your CocoaPods installation.\" >&2\n    exit 1\nfi\n# This output is used by Xcode 'outputs' to avoid re-running this script phase.\necho \"SUCCESS\" > \"${SCRIPT_OUTPUT_FILE_0}\"\n";
			showEnvVarsInLog = 0;
		};
/* End PBXShellScriptBuildPhase section */

/* Begin PBXSourcesBuildPhase section */
		6018A70B2D0EBC3C00A7AB3E /* Sources */ = {
			isa = PBXSourcesBuildPhase;
			buildActionMask = 2147483647;
			files = (
				6018A73D2D0EBF3A00A7AB3E /* EditProfileViewController.swift in Sources */,
				6018A72C2D0EBDDF00A7AB3E /* ExploreViewController.swift in Sources */,
				6018A7492D0EC02900A7AB3E /* PublishPostViewController.swift in Sources */,
				6018A72E2D0EBDF300A7AB3E /* CameraViewController.swift in Sources */,
				6018A7172D0EBC3D00A7AB3E /* HomeViewController.swift in Sources */,
				6018A7392D0EBECF00A7AB3E /* RegistrationViewController.swift in Sources */,
				6018A7472D0EC00500A7AB3E /* PostEditorViewController.swift in Sources */,
				60BAB5D62D0FFC4D0056BC6D /* StorageManager.swift in Sources */,
				6018A73B2D0EBF0E00A7AB3E /* PostViewController.swift in Sources */,
				60BAB5D22D0F0E890056BC6D /* DatabaseManager.swift in Sources */,
				6018A7302D0EBE0700A7AB3E /* NotificationsViewController.swift in Sources */,
				6018A7452D0EBFBD00A7AB3E /* SearchResultViewController.swift in Sources */,
				6018A7372D0EBEB200A7AB3E /* LoginViewController.swift in Sources */,
				6018A7432D0EBFA000A7AB3E /* SearchViewController.swift in Sources */,
				6018A7322D0EBE1C00A7AB3E /* ProfileViewController.swift in Sources */,
				60BAB5D42D0F0FA90056BC6D /* AuthManager.swift in Sources */,
				6018A7132D0EBC3D00A7AB3E /* AppDelegate.swift in Sources */,
				6018A7152D0EBC3D00A7AB3E /* SceneDelegate.swift in Sources */,
				6018A7412D0EBF7F00A7AB3E /* ListViewController.swift in Sources */,
				6018A73F2D0EBF5900A7AB3E /* SettingsViewController.swift in Sources */,
			);
			runOnlyForDeploymentPostprocessing = 0;
		};
/* End PBXSourcesBuildPhase section */

/* Begin PBXVariantGroup section */
		6018A7182D0EBC3D00A7AB3E /* Main.storyboard */ = {
			isa = PBXVariantGroup;
			children = (
				6018A7192D0EBC3D00A7AB3E /* Base */,
			);
			name = Main.storyboard;
			sourceTree = "<group>";
		};
		6018A71D2D0EBC3F00A7AB3E /* LaunchScreen.storyboard */ = {
			isa = PBXVariantGroup;
			children = (
				6018A71E2D0EBC3F00A7AB3E /* Base */,
			);
			name = LaunchScreen.storyboard;
			sourceTree = "<group>";
		};
/* End PBXVariantGroup section */

/* Begin XCBuildConfiguration section */
		6018A7212D0EBC3F00A7AB3E /* Debug */ = {
			isa = XCBuildConfiguration;
			buildSettings = {
				ALWAYS_SEARCH_USER_PATHS = NO;
				ASSETCATALOG_COMPILER_GENERATE_SWIFT_ASSET_SYMBOL_EXTENSIONS = YES;
				CLANG_ANALYZER_NONNULL = YES;
				CLANG_ANALYZER_NUMBER_OBJECT_CONVERSION = YES_AGGRESSIVE;
				CLANG_CXX_LANGUAGE_STANDARD = "gnu++20";
				CLANG_ENABLE_MODULES = YES;
				CLANG_ENABLE_OBJC_ARC = YES;
				CLANG_ENABLE_OBJC_WEAK = YES;
				CLANG_WARN_BLOCK_CAPTURE_AUTORELEASING = YES;
				CLANG_WARN_BOOL_CONVERSION = YES;
				CLANG_WARN_COMMA = YES;
				CLANG_WARN_CONSTANT_CONVERSION = YES;
				CLANG_WARN_DEPRECATED_OBJC_IMPLEMENTATIONS = YES;
				CLANG_WARN_DIRECT_OBJC_ISA_USAGE = YES_ERROR;
				CLANG_WARN_DOCUMENTATION_COMMENTS = YES;
				CLANG_WARN_EMPTY_BODY = YES;
				CLANG_WARN_ENUM_CONVERSION = YES;
				CLANG_WARN_INFINITE_RECURSION = YES;
				CLANG_WARN_INT_CONVERSION = YES;
				CLANG_WARN_NON_LITERAL_NULL_CONVERSION = YES;
				CLANG_WARN_OBJC_IMPLICIT_RETAIN_SELF = YES;
				CLANG_WARN_OBJC_LITERAL_CONVERSION = YES;
				CLANG_WARN_OBJC_ROOT_CLASS = YES_ERROR;
				CLANG_WARN_QUOTED_INCLUDE_IN_FRAMEWORK_HEADER = YES;
				CLANG_WARN_RANGE_LOOP_ANALYSIS = YES;
				CLANG_WARN_STRICT_PROTOTYPES = YES;
				CLANG_WARN_SUSPICIOUS_MOVE = YES;
				CLANG_WARN_UNGUARDED_AVAILABILITY = YES_AGGRESSIVE;
				CLANG_WARN_UNREACHABLE_CODE = YES;
				CLANG_WARN__DUPLICATE_METHOD_MATCH = YES;
				COPY_PHASE_STRIP = NO;
				DEBUG_INFORMATION_FORMAT = dwarf;
				ENABLE_STRICT_OBJC_MSGSEND = YES;
				ENABLE_TESTABILITY = YES;
				ENABLE_USER_SCRIPT_SANDBOXING = YES;
				GCC_C_LANGUAGE_STANDARD = gnu17;
				GCC_DYNAMIC_NO_PIC = NO;
				GCC_NO_COMMON_BLOCKS = YES;
				GCC_OPTIMIZATION_LEVEL = 0;
				GCC_PREPROCESSOR_DEFINITIONS = (
					"DEBUG=1",
					"$(inherited)",
				);
				GCC_WARN_64_TO_32_BIT_CONVERSION = YES;
				GCC_WARN_ABOUT_RETURN_TYPE = YES_ERROR;
				GCC_WARN_UNDECLARED_SELECTOR = YES;
				GCC_WARN_UNINITIALIZED_AUTOS = YES_AGGRESSIVE;
				GCC_WARN_UNUSED_FUNCTION = YES;
				GCC_WARN_UNUSED_VARIABLE = YES;
				IPHONEOS_DEPLOYMENT_TARGET = 17.5;
				LOCALIZATION_PREFERS_STRING_CATALOGS = YES;
				MTL_ENABLE_DEBUG_INFO = INCLUDE_SOURCE;
				MTL_FAST_MATH = YES;
				ONLY_ACTIVE_ARCH = YES;
				SDKROOT = iphoneos;
				SWIFT_ACTIVE_COMPILATION_CONDITIONS = "DEBUG $(inherited)";
				SWIFT_OPTIMIZATION_LEVEL = "-Onone";
			};
			name = Debug;
		};
		6018A7222D0EBC3F00A7AB3E /* Release */ = {
			isa = XCBuildConfiguration;
			buildSettings = {
				ALWAYS_SEARCH_USER_PATHS = NO;
				ASSETCATALOG_COMPILER_GENERATE_SWIFT_ASSET_SYMBOL_EXTENSIONS = YES;
				CLANG_ANALYZER_NONNULL = YES;
				CLANG_ANALYZER_NUMBER_OBJECT_CONVERSION = YES_AGGRESSIVE;
				CLANG_CXX_LANGUAGE_STANDARD = "gnu++20";
				CLANG_ENABLE_MODULES = YES;
				CLANG_ENABLE_OBJC_ARC = YES;
				CLANG_ENABLE_OBJC_WEAK = YES;
				CLANG_WARN_BLOCK_CAPTURE_AUTORELEASING = YES;
				CLANG_WARN_BOOL_CONVERSION = YES;
				CLANG_WARN_COMMA = YES;
				CLANG_WARN_CONSTANT_CONVERSION = YES;
				CLANG_WARN_DEPRECATED_OBJC_IMPLEMENTATIONS = YES;
				CLANG_WARN_DIRECT_OBJC_ISA_USAGE = YES_ERROR;
				CLANG_WARN_DOCUMENTATION_COMMENTS = YES;
				CLANG_WARN_EMPTY_BODY = YES;
				CLANG_WARN_ENUM_CONVERSION = YES;
				CLANG_WARN_INFINITE_RECURSION = YES;
				CLANG_WARN_INT_CONVERSION = YES;
				CLANG_WARN_NON_LITERAL_NULL_CONVERSION = YES;
				CLANG_WARN_OBJC_IMPLICIT_RETAIN_SELF = YES;
				CLANG_WARN_OBJC_LITERAL_CONVERSION = YES;
				CLANG_WARN_OBJC_ROOT_CLASS = YES_ERROR;
				CLANG_WARN_QUOTED_INCLUDE_IN_FRAMEWORK_HEADER = YES;
				CLANG_WARN_RANGE_LOOP_ANALYSIS = YES;
				CLANG_WARN_STRICT_PROTOTYPES = YES;
				CLANG_WARN_SUSPICIOUS_MOVE = YES;
				CLANG_WARN_UNGUARDED_AVAILABILITY = YES_AGGRESSIVE;
				CLANG_WARN_UNREACHABLE_CODE = YES;
				CLANG_WARN__DUPLICATE_METHOD_MATCH = YES;
				COPY_PHASE_STRIP = NO;
				DEBUG_INFORMATION_FORMAT = "dwarf-with-dsym";
				ENABLE_NS_ASSERTIONS = NO;
				ENABLE_STRICT_OBJC_MSGSEND = YES;
				ENABLE_USER_SCRIPT_SANDBOXING = YES;
				GCC_C_LANGUAGE_STANDARD = gnu17;
				GCC_NO_COMMON_BLOCKS = YES;
				GCC_WARN_64_TO_32_BIT_CONVERSION = YES;
				GCC_WARN_ABOUT_RETURN_TYPE = YES_ERROR;
				GCC_WARN_UNDECLARED_SELECTOR = YES;
				GCC_WARN_UNINITIALIZED_AUTOS = YES_AGGRESSIVE;
				GCC_WARN_UNUSED_FUNCTION = YES;
				GCC_WARN_UNUSED_VARIABLE = YES;
				IPHONEOS_DEPLOYMENT_TARGET = 17.5;
				LOCALIZATION_PREFERS_STRING_CATALOGS = YES;
				MTL_ENABLE_DEBUG_INFO = NO;
				MTL_FAST_MATH = YES;
				SDKROOT = iphoneos;
				SWIFT_COMPILATION_MODE = wholemodule;
				VALIDATE_PRODUCT = YES;
			};
			name = Release;
		};
		6018A7242D0EBC3F00A7AB3E /* Debug */ = {
			isa = XCBuildConfiguration;
			baseConfigurationReference = 258C4993BFA1E177444C199A /* Pods-SocialGram.debug.xcconfig */;
			buildSettings = {
				ASSETCATALOG_COMPILER_APPICON_NAME = AppIcon;
				ASSETCATALOG_COMPILER_GLOBAL_ACCENT_COLOR_NAME = AccentColor;
				CODE_SIGN_STYLE = Automatic;
				CURRENT_PROJECT_VERSION = 1;
				ENABLE_USER_SCRIPT_SANDBOXING = NO;
				GENERATE_INFOPLIST_FILE = YES;
				INFOPLIST_FILE = SocialGram/Info.plist;
				INFOPLIST_KEY_UIApplicationSupportsIndirectInputEvents = YES;
				INFOPLIST_KEY_UILaunchStoryboardName = LaunchScreen;
				INFOPLIST_KEY_UIMainStoryboardFile = Main;
				INFOPLIST_KEY_UISupportedInterfaceOrientations_iPad = "UIInterfaceOrientationPortrait UIInterfaceOrientationPortraitUpsideDown UIInterfaceOrientationLandscapeLeft UIInterfaceOrientationLandscapeRight";
				INFOPLIST_KEY_UISupportedInterfaceOrientations_iPhone = "UIInterfaceOrientationPortrait UIInterfaceOrientationLandscapeLeft UIInterfaceOrientationLandscapeRight";
				IPHONEOS_DEPLOYMENT_TARGET = 16.0;
				LD_RUNPATH_SEARCH_PATHS = (
					"$(inherited)",
					"@executable_path/Frameworks",
				);
				MARKETING_VERSION = 1.0;
				PRODUCT_BUNDLE_IDENTIFIER = com.SocialGram;
				PRODUCT_NAME = "$(TARGET_NAME)";
				SWIFT_EMIT_LOC_STRINGS = YES;
				SWIFT_VERSION = 5.0;
				TARGETED_DEVICE_FAMILY = "1,2";
			};
			name = Debug;
		};
		6018A7252D0EBC3F00A7AB3E /* Release */ = {
			isa = XCBuildConfiguration;
			baseConfigurationReference = 130417E2F728587857186AC9 /* Pods-SocialGram.release.xcconfig */;
			buildSettings = {
				ASSETCATALOG_COMPILER_APPICON_NAME = AppIcon;
				ASSETCATALOG_COMPILER_GLOBAL_ACCENT_COLOR_NAME = AccentColor;
				CODE_SIGN_STYLE = Automatic;
				CURRENT_PROJECT_VERSION = 1;
				ENABLE_USER_SCRIPT_SANDBOXING = NO;
				GENERATE_INFOPLIST_FILE = YES;
				INFOPLIST_FILE = SocialGram/Info.plist;
				INFOPLIST_KEY_UIApplicationSupportsIndirectInputEvents = YES;
				INFOPLIST_KEY_UILaunchStoryboardName = LaunchScreen;
				INFOPLIST_KEY_UIMainStoryboardFile = Main;
				INFOPLIST_KEY_UISupportedInterfaceOrientations_iPad = "UIInterfaceOrientationPortrait UIInterfaceOrientationPortraitUpsideDown UIInterfaceOrientationLandscapeLeft UIInterfaceOrientationLandscapeRight";
				INFOPLIST_KEY_UISupportedInterfaceOrientations_iPhone = "UIInterfaceOrientationPortrait UIInterfaceOrientationLandscapeLeft UIInterfaceOrientationLandscapeRight";
				IPHONEOS_DEPLOYMENT_TARGET = 16.0;
				LD_RUNPATH_SEARCH_PATHS = (
					"$(inherited)",
					"@executable_path/Frameworks",
				);
				MARKETING_VERSION = 1.0;
				PRODUCT_BUNDLE_IDENTIFIER = com.SocialGram;
				PRODUCT_NAME = "$(TARGET_NAME)";
				SWIFT_EMIT_LOC_STRINGS = YES;
				SWIFT_VERSION = 5.0;
				TARGETED_DEVICE_FAMILY = "1,2";
			};
			name = Release;
		};
/* End XCBuildConfiguration section */

/* Begin XCConfigurationList section */
		6018A70A2D0EBC3C00A7AB3E /* Build configuration list for PBXProject "SocialGram" */ = {
			isa = XCConfigurationList;
			buildConfigurations = (
				6018A7212D0EBC3F00A7AB3E /* Debug */,
				6018A7222D0EBC3F00A7AB3E /* Release */,
			);
			defaultConfigurationIsVisible = 0;
			defaultConfigurationName = Release;
		};
		6018A7232D0EBC3F00A7AB3E /* Build configuration list for PBXNativeTarget "SocialGram" */ = {
			isa = XCConfigurationList;
			buildConfigurations = (
				6018A7242D0EBC3F00A7AB3E /* Debug */,
				6018A7252D0EBC3F00A7AB3E /* Release */,
			);
			defaultConfigurationIsVisible = 0;
			defaultConfigurationName = Release;
		};
/* End XCConfigurationList section */
	};
	rootObject = 6018A7072D0EBC3C00A7AB3E /* Project object */;
}
